
Microsoft Visual Studio Solution File, Format Version 12.00
# Visual Studio Version 17
VisualStudioVersion = 17.14.36811.4
MinimumVisualStudioVersion = 10.0.40219.1
Project("{FAE04EC0-301F-11D3-BF4B-00C04F79EFBC}") = "e-learning app", "e-learning app.csproj", "{B14685F1-5E7B-494F-B38C-7B55853AE9D9}"
EndProject
Project("{2150E333-8FDC-42A3-9474-1A3956D46DE8}") = "Solution Items", "Solution Items", "{8EC462FD-D22E-90A8-E5CE-7E832BA40C5D}"
	ProjectSection(SolutionItems) = preProject
		.editorconfig = .editorconfig
		ExamManagementView.xaml = ExamManagementView.xaml
		ExamManagementView.xaml.cs = ExamManagementView.xaml.cs
	EndProjectSection
EndProject
Project("{2150E333-8FDC-42A3-9474-1A3956D46DE8}") = "BuildingBlocks", "BuildingBlocks", "{7266C4A9-E384-DC00-0EB6-47F6002CFBA7}"
EndProject
Project("{FAE04EC0-301F-11D3-BF4B-00C04F79EFBC}") = "BuildingBlocks", "BuildingBlocks\BuildingBlocks\BuildingBlocks.csproj", "{4F828D64-71E0-44D8-8AF1-F2BD00B45F36}"
EndProject
Project("{FAE04EC0-301F-11D3-BF4B-00C04F79EFBC}") = "BuildingBlocks.Messaging", "BuildingBlocks\BuildingBlocks.Messaging\BuildingBlocks.Messaging.csproj", "{AFD2E64B-C398-44D3-BA6B-AB2FB0E32362}"
EndProject
Project("{FAE04EC0-301F-11D3-BF4B-00C04F79EFBC}") = "YarpApiGateway", "ApiGateways\YarpApiGateway\YarpApiGateway.csproj", "{88BA5871-2B52-411C-A5D0-40613A478F1B}"
EndProject
Project("{FAE04EC0-301F-11D3-BF4B-00C04F79EFBC}") = "Identity.API", "Services\Identity\Identity.API\Identity.API.csproj", "{12D9B460-4D63-4C04-9DDB-6EC86D45BFF3}"
EndProject
Project("{FAE04EC0-301F-11D3-BF4B-00C04F79EFBC}") = "Course.API", "Services\Course\Course.API\Course.API.csproj", "{B38804B0-FF4D-42CD-9485-30B3505F1D4D}"
EndProject
Project("{FAE04EC0-301F-11D3-BF4B-00C04F79EFBC}") = "Notification.API", "Services\Notification\Notification.API\Notification.API.csproj", "{142A94F7-5B46-42B2-A0C5-363FC013F822}"
EndProject
Project("{FAE04EC0-301F-11D3-BF4B-00C04F79EFBC}") = "Comment.API", "Services\Comment\Comment.API\Comment.API.csproj", "{90B2F522-57C2-42B8-A43B-38F3638209A6}"
EndProject
Project("{FAE04EC0-301F-11D3-BF4B-00C04F79EFBC}") = "Exam.Domain", "Services\Exam\Exam.Domain\Exam.Domain.csproj", "{1A4F4D4C-7DA4-43BA-801E-6FA002A46728}"
EndProject
Project("{FAE04EC0-301F-11D3-BF4B-00C04F79EFBC}") = "Exam.Application", "Services\Exam\Exam.Application\Exam.Application.csproj", "{59EF66D2-1350-4B94-B0B1-06F47B55B7FE}"
EndProject
Project("{FAE04EC0-301F-11D3-BF4B-00C04F79EFBC}") = "Exam.Infrastructure", "Services\Exam\Exam.Infrastructure\Exam.Infrastructure.csproj", "{8E79E970-7228-4617-B68B-CB0A4F4ABCB9}"
EndProject
Project("{FAE04EC0-301F-11D3-BF4B-00C04F79EFBC}") = "Exam.API", "Services\Exam\Exam.API\Exam.API.csproj", "{248EB219-2AD1-4118-B19E-71925FCC7432}"
EndProject
Project("{2150E333-8FDC-42A3-9474-1A3956D46DE8}") = "Services", "Services", "{5854FF58-B8C5-05C6-5BF2-ACE42193F22B}"
EndProject
Project("{2150E333-8FDC-42A3-9474-1A3956D46DE8}") = "Payment", "Payment", "{714CC2AF-245C-D6B1-E117-A1157E62AF44}"
EndProject
Project("{FAE04EC0-301F-11D3-BF4B-00C04F79EFBC}") = "Payment.API", "Services\Payment\Payment.API\Payment.API.csproj", "{5191DEB8-0D80-4D66-B073-84A061F71463}"
EndProject
Project("{2150E333-8FDC-42A3-9474-1A3956D46DE8}") = "Exam", "Exam", "{4E79F970-7228-4617-B68B-CB0A4F4ABCB9}"
EndProject
Project("{2150E333-8FDC-42A3-9474-1A3956D46DE8}") = "Identity", "Identity", "{C2D9B460-4D63-4C04-9DDB-6EC86D45BFF3}"
EndProject
Project("{2150E333-8FDC-42A3-9474-1A3956D46DE8}") = "Course", "Course", "{D38804B0-FF4D-42CD-9485-30B3505F1D4D}"
EndProject
Project("{2150E333-8FDC-42A3-9474-1A3956D46DE8}") = "Notification", "Notification", "{E42A94F7-5B46-42B2-A0C5-363FC013F822}"
EndProject
Project("{2150E333-8FDC-42A3-9474-1A3956D46DE8}") = "Comment", "Comment", "{A0B2F522-57C2-42B8-A43B-38F3638209A6}"
EndProject
Project("{2150E333-8FDC-42A3-9474-1A3956D46DE8}") = "ApiGateways", "ApiGateways", "{A8BA5871-2B52-411C-A5D0-40613A478F1B}"
EndProject
Project("{2150E333-8FDC-42A3-9474-1A3956D46DE8}") = "tests", "tests", "{0AB3BF05-4346-4AA6-1389-037BE0695223}"
EndProject
Project("{2150E333-8FDC-42A3-9474-1A3956D46DE8}") = "BuildingBlocks", "BuildingBlocks", "{AD3136F1-6676-2AF3-8A96-F3C6585F1CB9}"
EndProject
Project("{FAE04EC0-301F-11D3-BF4B-00C04F79EFBC}") = "BuildingBlocks.Tests", "tests\BuildingBlocks\BuildingBlocks.Tests\BuildingBlocks.Tests.csproj", "{B720246E-400B-4CBA-A1E6-D59F38E85529}"
EndProject
Project("{FAE04EC0-301F-11D3-BF4B-00C04F79EFBC}") = "Comment.API.IntegrationTests", "tests\Services\Comment\Comment.API.IntegrationTests\Comment.API.IntegrationTests.csproj", "{FE1D3F7E-BCCB-4049-8FCD-09FE89CFF55D}"
EndProject
Project("{FAE04EC0-301F-11D3-BF4B-00C04F79EFBC}") = "Comment.API.Tests", "tests\Services\Comment\Comment.API.Tests\Comment.API.Tests.csproj", "{A315756D-66BC-4E46-BFDC-F539DE775CBC}"
EndProject
Project("{FAE04EC0-301F-11D3-BF4B-00C04F79EFBC}") = "Course.API.IntegrationTests", "tests\Services\Course\Course.API.IntegrationTests\Course.API.IntegrationTests.csproj", "{55A3C36F-9B4E-442B-8934-D8233197DD41}"
EndProject
Project("{FAE04EC0-301F-11D3-BF4B-00C04F79EFBC}") = "Course.API.Tests", "tests\Services\Course\Course.API.Tests\Course.API.Tests.csproj", "{511400ED-8C2B-432B-8E49-73A73FA577F4}"
EndProject
Project("{FAE04EC0-301F-11D3-BF4B-00C04F79EFBC}") = "Exam.API.IntegrationTests", "tests\Services\Exam\Exam.API.IntegrationTests\Exam.API.IntegrationTests.csproj", "{B056C70A-BF05-4E43-8B6C-29A856523992}"
EndProject
Project("{FAE04EC0-301F-11D3-BF4B-00C04F79EFBC}") = "Exam.Tests", "tests\Services\Exam\Exam.Tests\Exam.Tests.csproj", "{997C2F63-F205-404F-93A3-5A5FA04E53D4}"
EndProject
Project("{FAE04EC0-301F-11D3-BF4B-00C04F79EFBC}") = "Identity.API.IntegrationTests", "tests\Services\Identity\Identity.API.IntegrationTests\Identity.API.IntegrationTests.csproj", "{4B339878-556C-44EB-8C1E-FC979EFE1227}"
EndProject
Project("{FAE04EC0-301F-11D3-BF4B-00C04F79EFBC}") = "Identity.API.Tests", "tests\Services\Identity\Identity.API.Tests\Identity.API.Tests.csproj", "{B2F4957F-292C-4D42-956F-2E5588B5B4F0}"
EndProject
Project("{FAE04EC0-301F-11D3-BF4B-00C04F79EFBC}") = "Notification.API.IntegrationTests", "tests\Services\Notification\Notification.API.IntegrationTests\Notification.API.IntegrationTests.csproj", "{DC91C84B-4270-49AE-A8EB-22AF4B5DC7C4}"
EndProject
Project("{FAE04EC0-301F-11D3-BF4B-00C04F79EFBC}") = "Notification.API.Tests", "tests\Services\Notification\Notification.API.Tests\Notification.API.Tests.csproj", "{64EB79C6-238A-496C-A9A5-341152CFC63C}"
EndProject
Project("{FAE04EC0-301F-11D3-BF4B-00C04F79EFBC}") = "Payment.API.IntegrationTests", "tests\Services\Payment\Payment.API.IntegrationTests\Payment.API.IntegrationTests.csproj", "{7FC98A2E-0919-4CA5-95CE-7EBEC0C4749A}"
EndProject
Project("{FAE04EC0-301F-11D3-BF4B-00C04F79EFBC}") = "Payment.API.Tests", "tests\Services\Payment\Payment.API.Tests\Payment.API.Tests.csproj", "{FB8D3130-251A-4BC2-A82F-191E3388E306}"
EndProject
Global
	GlobalSection(SolutionConfigurationPlatforms) = preSolution
		Debug|Any CPU = Debug|Any CPU
		Debug|x64 = Debug|x64
		Debug|x86 = Debug|x86
		Release|Any CPU = Release|Any CPU
		Release|x64 = Release|x64
		Release|x86 = Release|x86
	EndGlobalSection
	GlobalSection(ProjectConfigurationPlatforms) = postSolution
		{B14685F1-5E7B-494F-B38C-7B55853AE9D9}.Debug|Any CPU.ActiveCfg = Debug|Any CPU
		{B14685F1-5E7B-494F-B38C-7B55853AE9D9}.Debug|Any CPU.Build.0 = Debug|Any CPU
		{B14685F1-5E7B-494F-B38C-7B55853AE9D9}.Debug|x64.ActiveCfg = Debug|Any CPU
		{B14685F1-5E7B-494F-B38C-7B55853AE9D9}.Debug|x64.Build.0 = Debug|Any CPU
		{B14685F1-5E7B-494F-B38C-7B55853AE9D9}.Debug|x86.ActiveCfg = Debug|Any CPU
		{B14685F1-5E7B-494F-B38C-7B55853AE9D9}.Debug|x86.Build.0 = Debug|Any CPU
		{B14685F1-5E7B-494F-B38C-7B55853AE9D9}.Release|Any CPU.ActiveCfg = Release|Any CPU
		{B14685F1-5E7B-494F-B38C-7B55853AE9D9}.Release|Any CPU.Build.0 = Release|Any CPU
		{B14685F1-5E7B-494F-B38C-7B55853AE9D9}.Release|x64.ActiveCfg = Release|Any CPU
		{B14685F1-5E7B-494F-B38C-7B55853AE9D9}.Release|x64.Build.0 = Release|Any CPU
		{B14685F1-5E7B-494F-B38C-7B55853AE9D9}.Release|x86.ActiveCfg = Release|Any CPU
		{B14685F1-5E7B-494F-B38C-7B55853AE9D9}.Release|x86.Build.0 = Release|Any CPU
		{4F828D64-71E0-44D8-8AF1-F2BD00B45F36}.Debug|Any CPU.ActiveCfg = Debug|Any CPU
		{4F828D64-71E0-44D8-8AF1-F2BD00B45F36}.Debug|Any CPU.Build.0 = Debug|Any CPU
		{4F828D64-71E0-44D8-8AF1-F2BD00B45F36}.Debug|x64.ActiveCfg = Debug|Any CPU
		{4F828D64-71E0-44D8-8AF1-F2BD00B45F36}.Debug|x64.Build.0 = Debug|Any CPU
		{4F828D64-71E0-44D8-8AF1-F2BD00B45F36}.Debug|x86.ActiveCfg = Debug|Any CPU
		{4F828D64-71E0-44D8-8AF1-F2BD00B45F36}.Debug|x86.Build.0 = Debug|Any CPU
		{4F828D64-71E0-44D8-8AF1-F2BD00B45F36}.Release|Any CPU.ActiveCfg = Release|Any CPU
		{4F828D64-71E0-44D8-8AF1-F2BD00B45F36}.Release|Any CPU.Build.0 = Release|Any CPU
		{4F828D64-71E0-44D8-8AF1-F2BD00B45F36}.Release|x64.ActiveCfg = Release|Any CPU
		{4F828D64-71E0-44D8-8AF1-F2BD00B45F36}.Release|x64.Build.0 = Release|Any CPU
		{4F828D64-71E0-44D8-8AF1-F2BD00B45F36}.Release|x86.ActiveCfg = Release|Any CPU
		{4F828D64-71E0-44D8-8AF1-F2BD00B45F36}.Release|x86.Build.0 = Release|Any CPU
		{AFD2E64B-C398-44D3-BA6B-AB2FB0E32362}.Debug|Any CPU.ActiveCfg = Debug|Any CPU
		{AFD2E64B-C398-44D3-BA6B-AB2FB0E32362}.Debug|Any CPU.Build.0 = Debug|Any CPU
		{AFD2E64B-C398-44D3-BA6B-AB2FB0E32362}.Debug|x64.ActiveCfg = Debug|Any CPU
		{AFD2E64B-C398-44D3-BA6B-AB2FB0E32362}.Debug|x64.Build.0 = Debug|Any CPU
		{AFD2E64B-C398-44D3-BA6B-AB2FB0E32362}.Debug|x86.ActiveCfg = Debug|Any CPU
		{AFD2E64B-C398-44D3-BA6B-AB2FB0E32362}.Debug|x86.Build.0 = Debug|Any CPU
		{AFD2E64B-C398-44D3-BA6B-AB2FB0E32362}.Release|Any CPU.ActiveCfg = Release|Any CPU
		{AFD2E64B-C398-44D3-BA6B-AB2FB0E32362}.Release|Any CPU.Build.0 = Release|Any CPU
		{AFD2E64B-C398-44D3-BA6B-AB2FB0E32362}.Release|x64.ActiveCfg = Release|Any CPU
		{AFD2E64B-C398-44D3-BA6B-AB2FB0E32362}.Release|x64.Build.0 = Release|Any CPU
		{AFD2E64B-C398-44D3-BA6B-AB2FB0E32362}.Release|x86.ActiveCfg = Release|Any CPU
		{AFD2E64B-C398-44D3-BA6B-AB2FB0E32362}.Release|x86.Build.0 = Release|Any CPU
		{88BA5871-2B52-411C-A5D0-40613A478F1B}.Debug|Any CPU.ActiveCfg = Debug|Any CPU
		{88BA5871-2B52-411C-A5D0-40613A478F1B}.Debug|Any CPU.Build.0 = Debug|Any CPU
		{88BA5871-2B52-411C-A5D0-40613A478F1B}.Debug|x64.ActiveCfg = Debug|Any CPU
		{88BA5871-2B52-411C-A5D0-40613A478F1B}.Debug|x64.Build.0 = Debug|Any CPU
		{88BA5871-2B52-411C-A5D0-40613A478F1B}.Debug|x86.ActiveCfg = Debug|Any CPU
		{88BA5871-2B52-411C-A5D0-40613A478F1B}.Debug|x86.Build.0 = Debug|Any CPU
		{88BA5871-2B52-411C-A5D0-40613A478F1B}.Release|Any CPU.ActiveCfg = Release|Any CPU
		{88BA5871-2B52-411C-A5D0-40613A478F1B}.Release|Any CPU.Build.0 = Release|Any CPU
		{88BA5871-2B52-411C-A5D0-40613A478F1B}.Release|x64.ActiveCfg = Release|Any CPU
		{88BA5871-2B52-411C-A5D0-40613A478F1B}.Release|x64.Build.0 = Release|Any CPU
		{88BA5871-2B52-411C-A5D0-40613A478F1B}.Release|x86.ActiveCfg = Release|Any CPU
		{88BA5871-2B52-411C-A5D0-40613A478F1B}.Release|x86.Build.0 = Release|Any CPU
		{12D9B460-4D63-4C04-9DDB-6EC86D45BFF3}.Debug|Any CPU.ActiveCfg = Debug|Any CPU
		{12D9B460-4D63-4C04-9DDB-6EC86D45BFF3}.Debug|Any CPU.Build.0 = Debug|Any CPU
		{12D9B460-4D63-4C04-9DDB-6EC86D45BFF3}.Debug|x64.ActiveCfg = Debug|Any CPU
		{12D9B460-4D63-4C04-9DDB-6EC86D45BFF3}.Debug|x64.Build.0 = Debug|Any CPU
		{12D9B460-4D63-4C04-9DDB-6EC86D45BFF3}.Debug|x86.ActiveCfg = Debug|Any CPU
		{12D9B460-4D63-4C04-9DDB-6EC86D45BFF3}.Debug|x86.Build.0 = Debug|Any CPU
		{12D9B460-4D63-4C04-9DDB-6EC86D45BFF3}.Release|Any CPU.ActiveCfg = Release|Any CPU
		{12D9B460-4D63-4C04-9DDB-6EC86D45BFF3}.Release|Any CPU.Build.0 = Release|Any CPU
		{12D9B460-4D63-4C04-9DDB-6EC86D45BFF3}.Release|x64.ActiveCfg = Release|Any CPU
		{12D9B460-4D63-4C04-9DDB-6EC86D45BFF3}.Release|x64.Build.0 = Release|Any CPU
		{12D9B460-4D63-4C04-9DDB-6EC86D45BFF3}.Release|x86.ActiveCfg = Release|Any CPU
		{12D9B460-4D63-4C04-9DDB-6EC86D45BFF3}.Release|x86.Build.0 = Release|Any CPU
		{B38804B0-FF4D-42CD-9485-30B3505F1D4D}.Debug|Any CPU.ActiveCfg = Debug|Any CPU
		{B38804B0-FF4D-42CD-9485-30B3505F1D4D}.Debug|Any CPU.Build.0 = Debug|Any CPU
		{B38804B0-FF4D-42CD-9485-30B3505F1D4D}.Debug|x64.ActiveCfg = Debug|Any CPU
		{B38804B0-FF4D-42CD-9485-30B3505F1D4D}.Debug|x64.Build.0 = Debug|Any CPU
		{B38804B0-FF4D-42CD-9485-30B3505F1D4D}.Debug|x86.ActiveCfg = Debug|Any CPU
		{B38804B0-FF4D-42CD-9485-30B3505F1D4D}.Debug|x86.Build.0 = Debug|Any CPU
		{B38804B0-FF4D-42CD-9485-30B3505F1D4D}.Release|Any CPU.ActiveCfg = Release|Any CPU
		{B38804B0-FF4D-42CD-9485-30B3505F1D4D}.Release|Any CPU.Build.0 = Release|Any CPU
		{B38804B0-FF4D-42CD-9485-30B3505F1D4D}.Release|x64.ActiveCfg = Release|Any CPU
		{B38804B0-FF4D-42CD-9485-30B3505F1D4D}.Release|x64.Build.0 = Release|Any CPU
		{B38804B0-FF4D-42CD-9485-30B3505F1D4D}.Release|x86.ActiveCfg = Release|Any CPU
		{B38804B0-FF4D-42CD-9485-30B3505F1D4D}.Release|x86.Build.0 = Release|Any CPU
		{142A94F7-5B46-42B2-A0C5-363FC013F822}.Debug|Any CPU.ActiveCfg = Debug|Any CPU
		{142A94F7-5B46-42B2-A0C5-363FC013F822}.Debug|Any CPU.Build.0 = Debug|Any CPU
		{142A94F7-5B46-42B2-A0C5-363FC013F822}.Debug|x64.ActiveCfg = Debug|Any CPU
		{142A94F7-5B46-42B2-A0C5-363FC013F822}.Debug|x64.Build.0 = Debug|Any CPU
		{142A94F7-5B46-42B2-A0C5-363FC013F822}.Debug|x86.ActiveCfg = Debug|Any CPU
		{142A94F7-5B46-42B2-A0C5-363FC013F822}.Debug|x86.Build.0 = Debug|Any CPU
		{142A94F7-5B46-42B2-A0C5-363FC013F822}.Release|Any CPU.ActiveCfg = Release|Any CPU
		{142A94F7-5B46-42B2-A0C5-363FC013F822}.Release|Any CPU.Build.0 = Release|Any CPU
		{142A94F7-5B46-42B2-A0C5-363FC013F822}.Release|x64.ActiveCfg = Release|Any CPU
		{142A94F7-5B46-42B2-A0C5-363FC013F822}.Release|x64.Build.0 = Release|Any CPU
		{142A94F7-5B46-42B2-A0C5-363FC013F822}.Release|x86.ActiveCfg = Release|Any CPU
		{142A94F7-5B46-42B2-A0C5-363FC013F822}.Release|x86.Build.0 = Release|Any CPU
		{90B2F522-57C2-42B8-A43B-38F3638209A6}.Debug|Any CPU.ActiveCfg = Debug|Any CPU
		{90B2F522-57C2-42B8-A43B-38F3638209A6}.Debug|Any CPU.Build.0 = Debug|Any CPU
		{90B2F522-57C2-42B8-A43B-38F3638209A6}.Debug|x64.ActiveCfg = Debug|Any CPU
		{90B2F522-57C2-42B8-A43B-38F3638209A6}.Debug|x64.Build.0 = Debug|Any CPU
		{90B2F522-57C2-42B8-A43B-38F3638209A6}.Debug|x86.ActiveCfg = Debug|Any CPU
		{90B2F522-57C2-42B8-A43B-38F3638209A6}.Debug|x86.Build.0 = Debug|Any CPU
		{90B2F522-57C2-42B8-A43B-38F3638209A6}.Release|Any CPU.ActiveCfg = Release|Any CPU
		{90B2F522-57C2-42B8-A43B-38F3638209A6}.Release|Any CPU.Build.0 = Release|Any CPU
		{90B2F522-57C2-42B8-A43B-38F3638209A6}.Release|x64.ActiveCfg = Release|Any CPU
		{90B2F522-57C2-42B8-A43B-38F3638209A6}.Release|x64.Build.0 = Release|Any CPU
		{90B2F522-57C2-42B8-A43B-38F3638209A6}.Release|x86.ActiveCfg = Release|Any CPU
		{90B2F522-57C2-42B8-A43B-38F3638209A6}.Release|x86.Build.0 = Release|Any CPU
		{1A4F4D4C-7DA4-43BA-801E-6FA002A46728}.Debug|Any CPU.ActiveCfg = Debug|Any CPU
		{1A4F4D4C-7DA4-43BA-801E-6FA002A46728}.Debug|Any CPU.Build.0 = Debug|Any CPU
		{1A4F4D4C-7DA4-43BA-801E-6FA002A46728}.Debug|x64.ActiveCfg = Debug|Any CPU
		{1A4F4D4C-7DA4-43BA-801E-6FA002A46728}.Debug|x64.Build.0 = Debug|Any CPU
		{1A4F4D4C-7DA4-43BA-801E-6FA002A46728}.Debug|x86.ActiveCfg = Debug|Any CPU
		{1A4F4D4C-7DA4-43BA-801E-6FA002A46728}.Debug|x86.Build.0 = Debug|Any CPU
		{1A4F4D4C-7DA4-43BA-801E-6FA002A46728}.Release|Any CPU.ActiveCfg = Release|Any CPU
		{1A4F4D4C-7DA4-43BA-801E-6FA002A46728}.Release|Any CPU.Build.0 = Release|Any CPU
		{1A4F4D4C-7DA4-43BA-801E-6FA002A46728}.Release|x64.ActiveCfg = Release|Any CPU
		{1A4F4D4C-7DA4-43BA-801E-6FA002A46728}.Release|x64.Build.0 = Release|Any CPU
		{1A4F4D4C-7DA4-43BA-801E-6FA002A46728}.Release|x86.ActiveCfg = Release|Any CPU
		{1A4F4D4C-7DA4-43BA-801E-6FA002A46728}.Release|x86.Build.0 = Release|Any CPU
		{59EF66D2-1350-4B94-B0B1-06F47B55B7FE}.Debug|Any CPU.ActiveCfg = Debug|Any CPU
		{59EF66D2-1350-4B94-B0B1-06F47B55B7FE}.Debug|Any CPU.Build.0 = Debug|Any CPU
		{59EF66D2-1350-4B94-B0B1-06F47B55B7FE}.Debug|x64.ActiveCfg = Debug|Any CPU
		{59EF66D2-1350-4B94-B0B1-06F47B55B7FE}.Debug|x64.Build.0 = Debug|Any CPU
		{59EF66D2-1350-4B94-B0B1-06F47B55B7FE}.Debug|x86.ActiveCfg = Debug|Any CPU
		{59EF66D2-1350-4B94-B0B1-06F47B55B7FE}.Debug|x86.Build.0 = Debug|Any CPU
		{59EF66D2-1350-4B94-B0B1-06F47B55B7FE}.Release|Any CPU.ActiveCfg = Release|Any CPU
		{59EF66D2-1350-4B94-B0B1-06F47B55B7FE}.Release|Any CPU.Build.0 = Release|Any CPU
		{59EF66D2-1350-4B94-B0B1-06F47B55B7FE}.Release|x64.ActiveCfg = Release|Any CPU
		{59EF66D2-1350-4B94-B0B1-06F47B55B7FE}.Release|x64.Build.0 = Release|Any CPU
		{59EF66D2-1350-4B94-B0B1-06F47B55B7FE}.Release|x86.ActiveCfg = Release|Any CPU
		{59EF66D2-1350-4B94-B0B1-06F47B55B7FE}.Release|x86.Build.0 = Release|Any CPU
		{8E79E970-7228-4617-B68B-CB0A4F4ABCB9}.Debug|Any CPU.ActiveCfg = Debug|Any CPU
		{8E79E970-7228-4617-B68B-CB0A4F4ABCB9}.Debug|Any CPU.Build.0 = Debug|Any CPU
		{8E79E970-7228-4617-B68B-CB0A4F4ABCB9}.Debug|x64.ActiveCfg = Debug|Any CPU
		{8E79E970-7228-4617-B68B-CB0A4F4ABCB9}.Debug|x64.Build.0 = Debug|Any CPU
		{8E79E970-7228-4617-B68B-CB0A4F4ABCB9}.Debug|x86.ActiveCfg = Debug|Any CPU
		{8E79E970-7228-4617-B68B-CB0A4F4ABCB9}.Debug|x86.Build.0 = Debug|Any CPU
		{8E79E970-7228-4617-B68B-CB0A4F4ABCB9}.Release|Any CPU.ActiveCfg = Release|Any CPU
		{8E79E970-7228-4617-B68B-CB0A4F4ABCB9}.Release|Any CPU.Build.0 = Release|Any CPU
		{8E79E970-7228-4617-B68B-CB0A4F4ABCB9}.Release|x64.ActiveCfg = Release|Any CPU
		{8E79E970-7228-4617-B68B-CB0A4F4ABCB9}.Release|x64.Build.0 = Release|Any CPU
		{8E79E970-7228-4617-B68B-CB0A4F4ABCB9}.Release|x86.ActiveCfg = Release|Any CPU
		{8E79E970-7228-4617-B68B-CB0A4F4ABCB9}.Release|x86.Build.0 = Release|Any CPU
		{248EB219-2AD1-4118-B19E-71925FCC7432}.Debug|Any CPU.ActiveCfg = Debug|Any CPU
		{248EB219-2AD1-4118-B19E-71925FCC7432}.Debug|Any CPU.Build.0 = Debug|Any CPU
		{248EB219-2AD1-4118-B19E-71925FCC7432}.Debug|x64.ActiveCfg = Debug|Any CPU
		{248EB219-2AD1-4118-B19E-71925FCC7432}.Debug|x64.Build.0 = Debug|Any CPU
		{248EB219-2AD1-4118-B19E-71925FCC7432}.Debug|x86.ActiveCfg = Debug|Any CPU
		{248EB219-2AD1-4118-B19E-71925FCC7432}.Debug|x86.Build.0 = Debug|Any CPU
		{248EB219-2AD1-4118-B19E-71925FCC7432}.Release|Any CPU.ActiveCfg = Release|Any CPU
		{248EB219-2AD1-4118-B19E-71925FCC7432}.Release|Any CPU.Build.0 = Release|Any CPU
		{248EB219-2AD1-4118-B19E-71925FCC7432}.Release|x64.ActiveCfg = Release|Any CPU
		{248EB219-2AD1-4118-B19E-71925FCC7432}.Release|x64.Build.0 = Release|Any CPU
		{248EB219-2AD1-4118-B19E-71925FCC7432}.Release|x86.ActiveCfg = Release|Any CPU
		{248EB219-2AD1-4118-B19E-71925FCC7432}.Release|x86.Build.0 = Release|Any CPU
		{5191DEB8-0D80-4D66-B073-84A061F71463}.Debug|Any CPU.ActiveCfg = Debug|Any CPU
		{5191DEB8-0D80-4D66-B073-84A061F71463}.Debug|Any CPU.Build.0 = Debug|Any CPU
		{5191DEB8-0D80-4D66-B073-84A061F71463}.Debug|x64.ActiveCfg = Debug|Any CPU
		{5191DEB8-0D80-4D66-B073-84A061F71463}.Debug|x64.Build.0 = Debug|Any CPU
		{5191DEB8-0D80-4D66-B073-84A061F71463}.Debug|x86.ActiveCfg = Debug|Any CPU
		{5191DEB8-0D80-4D66-B073-84A061F71463}.Debug|x86.Build.0 = Debug|Any CPU
		{5191DEB8-0D80-4D66-B073-84A061F71463}.Release|Any CPU.ActiveCfg = Release|Any CPU
		{5191DEB8-0D80-4D66-B073-84A061F71463}.Release|Any CPU.Build.0 = Release|Any CPU
		{5191DEB8-0D80-4D66-B073-84A061F71463}.Release|x64.ActiveCfg = Release|Any CPU
		{5191DEB8-0D80-4D66-B073-84A061F71463}.Release|x64.Build.0 = Release|Any CPU
		{5191DEB8-0D80-4D66-B073-84A061F71463}.Release|x86.ActiveCfg = Release|Any CPU
		{5191DEB8-0D80-4D66-B073-84A061F71463}.Release|x86.Build.0 = Release|Any CPU
		{B720246E-400B-4CBA-A1E6-D59F38E85529}.Debug|Any CPU.ActiveCfg = Debug|Any CPU
		{B720246E-400B-4CBA-A1E6-D59F38E85529}.Debug|Any CPU.Build.0 = Debug|Any CPU
		{B720246E-400B-4CBA-A1E6-D59F38E85529}.Debug|x64.ActiveCfg = Debug|Any CPU
		{B720246E-400B-4CBA-A1E6-D59F38E85529}.Debug|x64.Build.0 = Debug|Any CPU
		{B720246E-400B-4CBA-A1E6-D59F38E85529}.Debug|x86.ActiveCfg = Debug|Any CPU
		{B720246E-400B-4CBA-A1E6-D59F38E85529}.Debug|x86.Build.0 = Debug|Any CPU
		{B720246E-400B-4CBA-A1E6-D59F38E85529}.Release|Any CPU.ActiveCfg = Release|Any CPU
		{B720246E-400B-4CBA-A1E6-D59F38E85529}.Release|Any CPU.Build.0 = Release|Any CPU
		{B720246E-400B-4CBA-A1E6-D59F38E85529}.Release|x64.ActiveCfg = Release|Any CPU
		{B720246E-400B-4CBA-A1E6-D59F38E85529}.Release|x64.Build.0 = Release|Any CPU
		{B720246E-400B-4CBA-A1E6-D59F38E85529}.Release|x86.ActiveCfg = Release|Any CPU
		{B720246E-400B-4CBA-A1E6-D59F38E85529}.Release|x86.Build.0 = Release|Any CPU
		{FE1D3F7E-BCCB-4049-8FCD-09FE89CFF55D}.Debug|Any CPU.ActiveCfg = Debug|Any CPU
		{FE1D3F7E-BCCB-4049-8FCD-09FE89CFF55D}.Debug|Any CPU.Build.0 = Debug|Any CPU
		{FE1D3F7E-BCCB-4049-8FCD-09FE89CFF55D}.Debug|x64.ActiveCfg = Debug|Any CPU
		{FE1D3F7E-BCCB-4049-8FCD-09FE89CFF55D}.Debug|x64.Build.0 = Debug|Any CPU
		{FE1D3F7E-BCCB-4049-8FCD-09FE89CFF55D}.Debug|x86.ActiveCfg = Debug|Any CPU
		{FE1D3F7E-BCCB-4049-8FCD-09FE89CFF55D}.Debug|x86.Build.0 = Debug|Any CPU
		{FE1D3F7E-BCCB-4049-8FCD-09FE89CFF55D}.Release|Any CPU.ActiveCfg = Release|Any CPU
		{FE1D3F7E-BCCB-4049-8FCD-09FE89CFF55D}.Release|Any CPU.Build.0 = Release|Any CPU
		{FE1D3F7E-BCCB-4049-8FCD-09FE89CFF55D}.Release|x64.ActiveCfg = Release|Any CPU
		{FE1D3F7E-BCCB-4049-8FCD-09FE89CFF55D}.Release|x64.Build.0 = Release|Any CPU
		{FE1D3F7E-BCCB-4049-8FCD-09FE89CFF55D}.Release|x86.ActiveCfg = Release|Any CPU
		{FE1D3F7E-BCCB-4049-8FCD-09FE89CFF55D}.Release|x86.Build.0 = Release|Any CPU
		{A315756D-66BC-4E46-BFDC-F539DE775CBC}.Debug|Any CPU.ActiveCfg = Debug|Any CPU
		{A315756D-66BC-4E46-BFDC-F539DE775CBC}.Debug|Any CPU.Build.0 = Debug|Any CPU
		{A315756D-66BC-4E46-BFDC-F539DE775CBC}.Debug|x64.ActiveCfg = Debug|Any CPU
		{A315756D-66BC-4E46-BFDC-F539DE775CBC}.Debug|x64.Build.0 = Debug|Any CPU
		{A315756D-66BC-4E46-BFDC-F539DE775CBC}.Debug|x86.ActiveCfg = Debug|Any CPU
		{A315756D-66BC-4E46-BFDC-F539DE775CBC}.Debug|x86.Build.0 = Debug|Any CPU
		{A315756D-66BC-4E46-BFDC-F539DE775CBC}.Release|Any CPU.ActiveCfg = Release|Any CPU
		{A315756D-66BC-4E46-BFDC-F539DE775CBC}.Release|Any CPU.Build.0 = Release|Any CPU
		{A315756D-66BC-4E46-BFDC-F539DE775CBC}.Release|x64.ActiveCfg = Release|Any CPU
		{A315756D-66BC-4E46-BFDC-F539DE775CBC}.Release|x64.Build.0 = Release|Any CPU
		{A315756D-66BC-4E46-BFDC-F539DE775CBC}.Release|x86.ActiveCfg = Release|Any CPU
		{A315756D-66BC-4E46-BFDC-F539DE775CBC}.Release|x86.Build.0 = Release|Any CPU
		{55A3C36F-9B4E-442B-8934-D8233197DD41}.Debug|Any CPU.ActiveCfg = Debug|Any CPU
		{55A3C36F-9B4E-442B-8934-D8233197DD41}.Debug|Any CPU.Build.0 = Debug|Any CPU
		{55A3C36F-9B4E-442B-8934-D8233197DD41}.Debug|x64.ActiveCfg = Debug|Any CPU
		{55A3C36F-9B4E-442B-8934-D8233197DD41}.Debug|x64.Build.0 = Debug|Any CPU
		{55A3C36F-9B4E-442B-8934-D8233197DD41}.Debug|x86.ActiveCfg = Debug|Any CPU
		{55A3C36F-9B4E-442B-8934-D8233197DD41}.Debug|x86.Build.0 = Debug|Any CPU
		{55A3C36F-9B4E-442B-8934-D8233197DD41}.Release|Any CPU.ActiveCfg = Release|Any CPU
		{55A3C36F-9B4E-442B-8934-D8233197DD41}.Release|Any CPU.Build.0 = Release|Any CPU
		{55A3C36F-9B4E-442B-8934-D8233197DD41}.Release|x64.ActiveCfg = Release|Any CPU
		{55A3C36F-9B4E-442B-8934-D8233197DD41}.Release|x64.Build.0 = Release|Any CPU
		{55A3C36F-9B4E-442B-8934-D8233197DD41}.Release|x86.ActiveCfg = Release|Any CPU
		{55A3C36F-9B4E-442B-8934-D8233197DD41}.Release|x86.Build.0 = Release|Any CPU
		{511400ED-8C2B-432B-8E49-73A73FA577F4}.Debug|Any CPU.ActiveCfg = Debug|Any CPU
		{511400ED-8C2B-432B-8E49-73A73FA577F4}.Debug|Any CPU.Build.0 = Debug|Any CPU
		{511400ED-8C2B-432B-8E49-73A73FA577F4}.Debug|x64.ActiveCfg = Debug|Any CPU
		{511400ED-8C2B-432B-8E49-73A73FA577F4}.Debug|x64.Build.0 = Debug|Any CPU
		{511400ED-8C2B-432B-8E49-73A73FA577F4}.Debug|x86.ActiveCfg = Debug|Any CPU
		{511400ED-8C2B-432B-8E49-73A73FA577F4}.Debug|x86.Build.0 = Debug|Any CPU
		{511400ED-8C2B-432B-8E49-73A73FA577F4}.Release|Any CPU.ActiveCfg = Release|Any CPU
		{511400ED-8C2B-432B-8E49-73A73FA577F4}.Release|Any CPU.Build.0 = Release|Any CPU
		{511400ED-8C2B-432B-8E49-73A73FA577F4}.Release|x64.ActiveCfg = Release|Any CPU
		{511400ED-8C2B-432B-8E49-73A73FA577F4}.Release|x64.Build.0 = Release|Any CPU
		{511400ED-8C2B-432B-8E49-73A73FA577F4}.Release|x86.ActiveCfg = Release|Any CPU
		{511400ED-8C2B-432B-8E49-73A73FA577F4}.Release|x86.Build.0 = Release|Any CPU
		{B056C70A-BF05-4E43-8B6C-29A856523992}.Debug|Any CPU.ActiveCfg = Debug|Any CPU
		{B056C70A-BF05-4E43-8B6C-29A856523992}.Debug|Any CPU.Build.0 = Debug|Any CPU
		{B056C70A-BF05-4E43-8B6C-29A856523992}.Debug|x64.ActiveCfg = Debug|Any CPU
		{B056C70A-BF05-4E43-8B6C-29A856523992}.Debug|x64.Build.0 = Debug|Any CPU
		{B056C70A-BF05-4E43-8B6C-29A856523992}.Debug|x86.ActiveCfg = Debug|Any CPU
		{B056C70A-BF05-4E43-8B6C-29A856523992}.Debug|x86.Build.0 = Debug|Any CPU
		{B056C70A-BF05-4E43-8B6C-29A856523992}.Release|Any CPU.ActiveCfg = Release|Any CPU
		{B056C70A-BF05-4E43-8B6C-29A856523992}.Release|Any CPU.Build.0 = Release|Any CPU
		{B056C70A-BF05-4E43-8B6C-29A856523992}.Release|x64.ActiveCfg = Release|Any CPU
		{B056C70A-BF05-4E43-8B6C-29A856523992}.Release|x64.Build.0 = Release|Any CPU
		{B056C70A-BF05-4E43-8B6C-29A856523992}.Release|x86.ActiveCfg = Release|Any CPU
		{B056C70A-BF05-4E43-8B6C-29A856523992}.Release|x86.Build.0 = Release|Any CPU
		{997C2F63-F205-404F-93A3-5A5FA04E53D4}.Debug|Any CPU.ActiveCfg = Debug|Any CPU
		{997C2F63-F205-404F-93A3-5A5FA04E53D4}.Debug|Any CPU.Build.0 = Debug|Any CPU
		{997C2F63-F205-404F-93A3-5A5FA04E53D4}.Debug|x64.ActiveCfg = Debug|Any CPU
		{997C2F63-F205-404F-93A3-5A5FA04E53D4}.Debug|x64.Build.0 = Debug|Any CPU
		{997C2F63-F205-404F-93A3-5A5FA04E53D4}.Debug|x86.ActiveCfg = Debug|Any CPU
		{997C2F63-F205-404F-93A3-5A5FA04E53D4}.Debug|x86.Build.0 = Debug|Any CPU
		{997C2F63-F205-404F-93A3-5A5FA04E53D4}.Release|Any CPU.ActiveCfg = Release|Any CPU
		{997C2F63-F205-404F-93A3-5A5FA04E53D4}.Release|Any CPU.Build.0 = Release|Any CPU
		{997C2F63-F205-404F-93A3-5A5FA04E53D4}.Release|x64.ActiveCfg = Release|Any CPU
		{997C2F63-F205-404F-93A3-5A5FA04E53D4}.Release|x64.Build.0 = Release|Any CPU
		{997C2F63-F205-404F-93A3-5A5FA04E53D4}.Release|x86.ActiveCfg = Release|Any CPU
		{997C2F63-F205-404F-93A3-5A5FA04E53D4}.Release|x86.Build.0 = Release|Any CPU
		{4B339878-556C-44EB-8C1E-FC979EFE1227}.Debug|Any CPU.ActiveCfg = Debug|Any CPU
		{4B339878-556C-44EB-8C1E-FC979EFE1227}.Debug|Any CPU.Build.0 = Debug|Any CPU
		{4B339878-556C-44EB-8C1E-FC979EFE1227}.Debug|x64.ActiveCfg = Debug|Any CPU
		{4B339878-556C-44EB-8C1E-FC979EFE1227}.Debug|x64.Build.0 = Debug|Any CPU
		{4B339878-556C-44EB-8C1E-FC979EFE1227}.Debug|x86.ActiveCfg = Debug|Any CPU
		{4B339878-556C-44EB-8C1E-FC979EFE1227}.Debug|x86.Build.0 = Debug|Any CPU
		{4B339878-556C-44EB-8C1E-FC979EFE1227}.Release|Any CPU.ActiveCfg = Release|Any CPU
		{4B339878-556C-44EB-8C1E-FC979EFE1227}.Release|Any CPU.Build.0 = Release|Any CPU
		{4B339878-556C-44EB-8C1E-FC979EFE1227}.Release|x64.ActiveCfg = Release|Any CPU
		{4B339878-556C-44EB-8C1E-FC979EFE1227}.Release|x64.Build.0 = Release|Any CPU
		{4B339878-556C-44EB-8C1E-FC979EFE1227}.Release|x86.ActiveCfg = Release|Any CPU
		{4B339878-556C-44EB-8C1E-FC979EFE1227}.Release|x86.Build.0 = Release|Any CPU
		{B2F4957F-292C-4D42-956F-2E5588B5B4F0}.Debug|Any CPU.ActiveCfg = Debug|Any CPU
		{B2F4957F-292C-4D42-956F-2E5588B5B4F0}.Debug|Any CPU.Build.0 = Debug|Any CPU
		{B2F4957F-292C-4D42-956F-2E5588B5B4F0}.Debug|x64.ActiveCfg = Debug|Any CPU
		{B2F4957F-292C-4D42-956F-2E5588B5B4F0}.Debug|x64.Build.0 = Debug|Any CPU
		{B2F4957F-292C-4D42-956F-2E5588B5B4F0}.Debug|x86.ActiveCfg = Debug|Any CPU
		{B2F4957F-292C-4D42-956F-2E5588B5B4F0}.Debug|x86.Build.0 = Debug|Any CPU
		{B2F4957F-292C-4D42-956F-2E5588B5B4F0}.Release|Any CPU.ActiveCfg = Release|Any CPU
		{B2F4957F-292C-4D42-956F-2E5588B5B4F0}.Release|Any CPU.Build.0 = Release|Any CPU
		{B2F4957F-292C-4D42-956F-2E5588B5B4F0}.Release|x64.ActiveCfg = Release|Any CPU
		{B2F4957F-292C-4D42-956F-2E5588B5B4F0}.Release|x64.Build.0 = Release|Any CPU
		{B2F4957F-292C-4D42-956F-2E5588B5B4F0}.Release|x86.ActiveCfg = Release|Any CPU
		{B2F4957F-292C-4D42-956F-2E5588B5B4F0}.Release|x86.Build.0 = Release|Any CPU
		{DC91C84B-4270-49AE-A8EB-22AF4B5DC7C4}.Debug|Any CPU.ActiveCfg = Debug|Any CPU
		{DC91C84B-4270-49AE-A8EB-22AF4B5DC7C4}.Debug|Any CPU.Build.0 = Debug|Any CPU
		{DC91C84B-4270-49AE-A8EB-22AF4B5DC7C4}.Debug|x64.ActiveCfg = Debug|Any CPU
		{DC91C84B-4270-49AE-A8EB-22AF4B5DC7C4}.Debug|x64.Build.0 = Debug|Any CPU
		{DC91C84B-4270-49AE-A8EB-22AF4B5DC7C4}.Debug|x86.ActiveCfg = Debug|Any CPU
		{DC91C84B-4270-49AE-A8EB-22AF4B5DC7C4}.Debug|x86.Build.0 = Debug|Any CPU
		{DC91C84B-4270-49AE-A8EB-22AF4B5DC7C4}.Release|Any CPU.ActiveCfg = Release|Any CPU
		{DC91C84B-4270-49AE-A8EB-22AF4B5DC7C4}.Release|Any CPU.Build.0 = Release|Any CPU
		{DC91C84B-4270-49AE-A8EB-22AF4B5DC7C4}.Release|x64.ActiveCfg = Release|Any CPU
		{DC91C84B-4270-49AE-A8EB-22AF4B5DC7C4}.Release|x64.Build.0 = Release|Any CPU
		{DC91C84B-4270-49AE-A8EB-22AF4B5DC7C4}.Release|x86.ActiveCfg = Release|Any CPU
		{DC91C84B-4270-49AE-A8EB-22AF4B5DC7C4}.Release|x86.Build.0 = Release|Any CPU
		{64EB79C6-238A-496C-A9A5-341152CFC63C}.Debug|Any CPU.ActiveCfg = Debug|Any CPU
		{64EB79C6-238A-496C-A9A5-341152CFC63C}.Debug|Any CPU.Build.0 = Debug|Any CPU
		{64EB79C6-238A-496C-A9A5-341152CFC63C}.Debug|x64.ActiveCfg = Debug|Any CPU
		{64EB79C6-238A-496C-A9A5-341152CFC63C}.Debug|x64.Build.0 = Debug|Any CPU
		{64EB79C6-238A-496C-A9A5-341152CFC63C}.Debug|x86.ActiveCfg = Debug|Any CPU
		{64EB79C6-238A-496C-A9A5-341152CFC63C}.Debug|x86.Build.0 = Debug|Any CPU
		{64EB79C6-238A-496C-A9A5-341152CFC63C}.Release|Any CPU.ActiveCfg = Release|Any CPU
		{64EB79C6-238A-496C-A9A5-341152CFC63C}.Release|Any CPU.Build.0 = Release|Any CPU
		{64EB79C6-238A-496C-A9A5-341152CFC63C}.Release|x64.ActiveCfg = Release|Any CPU
		{64EB79C6-238A-496C-A9A5-341152CFC63C}.Release|x64.Build.0 = Release|Any CPU
		{64EB79C6-238A-496C-A9A5-341152CFC63C}.Release|x86.ActiveCfg = Release|Any CPU
		{64EB79C6-238A-496C-A9A5-341152CFC63C}.Release|x86.Build.0 = Release|Any CPU
		{7FC98A2E-0919-4CA5-95CE-7EBEC0C4749A}.Debug|Any CPU.ActiveCfg = Debug|Any CPU
		{7FC98A2E-0919-4CA5-95CE-7EBEC0C4749A}.Debug|Any CPU.Build.0 = Debug|Any CPU
		{7FC98A2E-0919-4CA5-95CE-7EBEC0C4749A}.Debug|x64.ActiveCfg = Debug|Any CPU
		{7FC98A2E-0919-4CA5-95CE-7EBEC0C4749A}.Debug|x64.Build.0 = Debug|Any CPU
		{7FC98A2E-0919-4CA5-95CE-7EBEC0C4749A}.Debug|x86.ActiveCfg = Debug|Any CPU
		{7FC98A2E-0919-4CA5-95CE-7EBEC0C4749A}.Debug|x86.Build.0 = Debug|Any CPU
		{7FC98A2E-0919-4CA5-95CE-7EBEC0C4749A}.Release|Any CPU.ActiveCfg = Release|Any CPU
		{7FC98A2E-0919-4CA5-95CE-7EBEC0C4749A}.Release|Any CPU.Build.0 = Release|Any CPU
		{7FC98A2E-0919-4CA5-95CE-7EBEC0C4749A}.Release|x64.ActiveCfg = Release|Any CPU
		{7FC98A2E-0919-4CA5-95CE-7EBEC0C4749A}.Release|x64.Build.0 = Release|Any CPU
		{7FC98A2E-0919-4CA5-95CE-7EBEC0C4749A}.Release|x86.ActiveCfg = Release|Any CPU
		{7FC98A2E-0919-4CA5-95CE-7EBEC0C4749A}.Release|x86.Build.0 = Release|Any CPU
		{FB8D3130-251A-4BC2-A82F-191E3388E306}.Debug|Any CPU.ActiveCfg = Debug|Any CPU
		{FB8D3130-251A-4BC2-A82F-191E3388E306}.Debug|Any CPU.Build.0 = Debug|Any CPU
		{FB8D3130-251A-4BC2-A82F-191E3388E306}.Debug|x64.ActiveCfg = Debug|Any CPU
		{FB8D3130-251A-4BC2-A82F-191E3388E306}.Debug|x64.Build.0 = Debug|Any CPU
		{FB8D3130-251A-4BC2-A82F-191E3388E306}.Debug|x86.ActiveCfg = Debug|Any CPU
		{FB8D3130-251A-4BC2-A82F-191E3388E306}.Debug|x86.Build.0 = Debug|Any CPU
		{FB8D3130-251A-4BC2-A82F-191E3388E306}.Release|Any CPU.ActiveCfg = Release|Any CPU
		{FB8D3130-251A-4BC2-A82F-191E3388E306}.Release|Any CPU.Build.0 = Release|Any CPU
		{FB8D3130-251A-4BC2-A82F-191E3388E306}.Release|x64.ActiveCfg = Release|Any CPU
		{FB8D3130-251A-4BC2-A82F-191E3388E306}.Release|x64.Build.0 = Release|Any CPU
		{FB8D3130-251A-4BC2-A82F-191E3388E306}.Release|x86.ActiveCfg = Release|Any CPU
		{FB8D3130-251A-4BC2-A82F-191E3388E306}.Release|x86.Build.0 = Release|Any CPU
	EndGlobalSection
	GlobalSection(SolutionProperties) = preSolution
		HideSolutionNode = FALSE
	EndGlobalSection
	GlobalSection(NestedProjects) = preSolution
		{4F828D64-71E0-44D8-8AF1-F2BD00B45F36} = {7266C4A9-E384-DC00-0EB6-47F6002CFBA7}
		{AFD2E64B-C398-44D3-BA6B-AB2FB0E32362} = {7266C4A9-E384-DC00-0EB6-47F6002CFBA7}
		{88BA5871-2B52-411C-A5D0-40613A478F1B} = {A8BA5871-2B52-411C-A5D0-40613A478F1B}
		{12D9B460-4D63-4C04-9DDB-6EC86D45BFF3} = {C2D9B460-4D63-4C04-9DDB-6EC86D45BFF3}
		{B38804B0-FF4D-42CD-9485-30B3505F1D4D} = {D38804B0-FF4D-42CD-9485-30B3505F1D4D}
		{142A94F7-5B46-42B2-A0C5-363FC013F822} = {E42A94F7-5B46-42B2-A0C5-363FC013F822}
		{90B2F522-57C2-42B8-A43B-38F3638209A6} = {A0B2F522-57C2-42B8-A43B-38F3638209A6}
		{1A4F4D4C-7DA4-43BA-801E-6FA002A46728} = {4E79F970-7228-4617-B68B-CB0A4F4ABCB9}
		{59EF66D2-1350-4B94-B0B1-06F47B55B7FE} = {4E79F970-7228-4617-B68B-CB0A4F4ABCB9}
		{8E79E970-7228-4617-B68B-CB0A4F4ABCB9} = {4E79F970-7228-4617-B68B-CB0A4F4ABCB9}
		{248EB219-2AD1-4118-B19E-71925FCC7432} = {4E79F970-7228-4617-B68B-CB0A4F4ABCB9}
		{714CC2AF-245C-D6B1-E117-A1157E62AF44} = {5854FF58-B8C5-05C6-5BF2-ACE42193F22B}
		{5191DEB8-0D80-4D66-B073-84A061F71463} = {714CC2AF-245C-D6B1-E117-A1157E62AF44}
		{4E79F970-7228-4617-B68B-CB0A4F4ABCB9} = {5854FF58-B8C5-05C6-5BF2-ACE42193F22B}
		{C2D9B460-4D63-4C04-9DDB-6EC86D45BFF3} = {5854FF58-B8C5-05C6-5BF2-ACE42193F22B}
		{D38804B0-FF4D-42CD-9485-30B3505F1D4D} = {5854FF58-B8C5-05C6-5BF2-ACE42193F22B}
		{E42A94F7-5B46-42B2-A0C5-363FC013F822} = {5854FF58-B8C5-05C6-5BF2-ACE42193F22B}
		{A0B2F522-57C2-42B8-A43B-38F3638209A6} = {5854FF58-B8C5-05C6-5BF2-ACE42193F22B}
		{AD3136F1-6676-2AF3-8A96-F3C6585F1CB9} = {0AB3BF05-4346-4AA6-1389-037BE0695223}
		{B720246E-400B-4CBA-A1E6-D59F38E85529} = {AD3136F1-6676-2AF3-8A96-F3C6585F1CB9}
		{FE1D3F7E-BCCB-4049-8FCD-09FE89CFF55D} = {AD3136F1-6676-2AF3-8A96-F3C6585F1CB9}
		{A315756D-66BC-4E46-BFDC-F539DE775CBC} = {AD3136F1-6676-2AF3-8A96-F3C6585F1CB9}
		{55A3C36F-9B4E-442B-8934-D8233197DD41} = {AD3136F1-6676-2AF3-8A96-F3C6585F1CB9}
		{511400ED-8C2B-432B-8E49-73A73FA577F4} = {AD3136F1-6676-2AF3-8A96-F3C6585F1CB9}
		{B056C70A-BF05-4E43-8B6C-29A856523992} = {AD3136F1-6676-2AF3-8A96-F3C6585F1CB9}
		{997C2F63-F205-404F-93A3-5A5FA04E53D4} = {AD3136F1-6676-2AF3-8A96-F3C6585F1CB9}
		{4B339878-556C-44EB-8C1E-FC979EFE1227} = {AD3136F1-6676-2AF3-8A96-F3C6585F1CB9}
		{B2F4957F-292C-4D42-956F-2E5588B5B4F0} = {AD3136F1-6676-2AF3-8A96-F3C6585F1CB9}
		{DC91C84B-4270-49AE-A8EB-22AF4B5DC7C4} = {AD3136F1-6676-2AF3-8A96-F3C6585F1CB9}
		{64EB79C6-238A-496C-A9A5-341152CFC63C} = {AD3136F1-6676-2AF3-8A96-F3C6585F1CB9}
		{7FC98A2E-0919-4CA5-95CE-7EBEC0C4749A} = {AD3136F1-6676-2AF3-8A96-F3C6585F1CB9}
		{FB8D3130-251A-4BC2-A82F-191E3388E306} = {AD3136F1-6676-2AF3-8A96-F3C6585F1CB9}
	EndGlobalSection
	GlobalSection(ExtensibilityGlobals) = postSolution
		SolutionGuid = {4FBA501A-04C1-45AB-BE49-29BA5ABE87F6}
	EndGlobalSection
EndGlobal
